
Microsoft Visual Studio Solution File, Format Version 12.00
# Visual Studio Version 17
VisualStudioVersion = 17.9.34723.18
MinimumVisualStudioVersion = 10.0.40219.1
Project("{FAE04EC0-301F-11D3-BF4B-00C04F79EFBC}") = "ZAD1-2", "ZAD1-2\ZAD1-2.csproj", "{AABCC733-60F7-4E77-9365-AE6D825C3C53}"
EndProject
Global
	GlobalSection(SolutionConfigurationPlatforms) = preSolution
		Debug|Any CPU = Debug|Any CPU
		Release|Any CPU = Release|Any CPU
	EndGlobalSection
	GlobalSection(ProjectConfigurationPlatforms) = postSolution
		{AABCC733-60F7-4E77-9365-AE6D825C3C53}.Debug|Any CPU.ActiveCfg = Debug|Any CPU
		{AABCC733-60F7-4E77-9365-AE6D825C3C53}.Debug|Any CPU.Build.0 = Debug|Any CPU
		{AABCC733-60F7-4E77-9365-AE6D825C3C53}.Release|Any CPU.ActiveCfg = Release|Any CPU
		{AABCC733-60F7-4E77-9365-AE6D825C3C53}.Release|Any CPU.Build.0 = Release|Any CPU
	EndGlobalSection
	GlobalSection(SolutionProperties) = preSolution
		HideSolutionNode = FALSE
	EndGlobalSection
	GlobalSection(ExtensibilityGlobals) = postSolution
		SolutionGuid = {229B1252-524E-4697-8518-571AF1330F33}
	EndGlobalSection
EndGlobal
